<?xml version="1.0" encoding="utf-8"?>
<Project ToolsVersion="4.0" xmlns="http://schemas.microsoft.com/developer/msbuild/2003">
  <ItemGroup>
    <Filter Include="Source Files">
      <UniqueIdentifier>{4FC737F1-C7A5-4376-A066-2A32D752A2FF}</UniqueIdentifier>
      <Extensions>cpp;c;cc;cxx;def;odl;idl;hpj;bat;asm;asmx</Extensions>
    </Filter>
    <Filter Include="Header Files">
      <UniqueIdentifier>{93995380-89BD-4b04-88EB-625FBE52EBFB}</UniqueIdentifier>
      <Extensions>h;hh;hpp;hxx;hm;inl;inc;xsd</Extensions>
    </Filter>
    <Filter Include="Resource Files">
      <UniqueIdentifier>{67DA6AB6-F800-4c08-8B7A-83BB121AAD01}</UniqueIdentifier>
      <Extensions>rc;ico;cur;bmp;dlg;rc2;rct;bin;rgs;gif;jpg;jpeg;jpe;resx;tiff;tif;png;wav;mfcribbon-ms</Extensions>
    </Filter>
    <Filter Include="src">
      <UniqueIdentifier>{e958cfe1-ac86-4438-a3e4-2fbad375d4ff}</UniqueIdentifier>
    </Filter>
    <Filter Include="src\_micro-api-readonly">
      <UniqueIdentifier>{34ac1fb0-e978-48cb-9003-5d073356acf2}</UniqueIdentifier>
    </Filter>
    <Filter Include="src\_micro-api-readonly\core">
      <UniqueIdentifier>{d200053f-3fc0-44f1-9c94-1c9b4d5abca3}</UniqueIdentifier>
    </Filter>
    <Filter Include="src\_micro-api-readonly\core\avr">
      <UniqueIdentifier>{cbf390ed-9de2-4435-8ef2-af9c3a1903a4}</UniqueIdentifier>
    </Filter>
    <Filter Include="src\_micro-api-readonly\core\util">
      <UniqueIdentifier>{a4e46643-618b-44fd-8c6b-a9ca614915a9}</UniqueIdentifier>
    </Filter>
    <Filter Include="src\_micro-api-readonly\libraries">
      <UniqueIdentifier>{e9f127f8-9057-4bc5-8d3b-63d097649418}</UniqueIdentifier>
    </Filter>
    <Filter Include="src\_micro-api-readonly\libraries\Adafruit_Sensor-master">
      <UniqueIdentifier>{2a1e5708-2ef2-4569-ac9e-73a3bb8086aa}</UniqueIdentifier>
    </Filter>
    <Filter Include="src\_micro-api-readonly\libraries\BMP180_Breakout_Arduino_Library">
      <UniqueIdentifier>{f7092f61-1314-43bf-ae1c-101b256b9f85}</UniqueIdentifier>
    </Filter>
    <Filter Include="src\_micro-api-readonly\libraries\BMP180_Breakout_Arduino_Library\src">
      <UniqueIdentifier>{b1781e95-df0e-4410-beb5-767a12be6f42}</UniqueIdentifier>
    </Filter>
    <Filter Include="src\_micro-api-readonly\libraries\DHT-sensor-library">
      <UniqueIdentifier>{0de89c83-9c36-41ab-bb1c-dbbb576d827c}</UniqueIdentifier>
    </Filter>
    <Filter Include="src\_micro-api-readonly\libraries\EEPROM">
      <UniqueIdentifier>{300d5aaf-c391-48b8-b8f1-6268d5750db1}</UniqueIdentifier>
    </Filter>
    <Filter Include="src\_micro-api-readonly\libraries\FlexCAN">
      <UniqueIdentifier>{255b0c39-1643-4411-8b33-0d1c82edeea7}</UniqueIdentifier>
    </Filter>
    <Filter Include="src\_micro-api-readonly\libraries\Keypad">
      <UniqueIdentifier>{833480ed-feba-4762-8e41-81c6d7f69a35}</UniqueIdentifier>
    </Filter>
    <Filter Include="src\_micro-api-readonly\libraries\Keypad\utility">
      <UniqueIdentifier>{7a6333b0-7fce-448c-8b35-0db8c526641a}</UniqueIdentifier>
    </Filter>
    <Filter Include="src\_micro-api-readonly\libraries\LCDMenu">
      <UniqueIdentifier>{1bbf51d3-aae4-4f02-9ef3-0b40a1ea8ade}</UniqueIdentifier>
    </Filter>
    <Filter Include="src\_micro-api-readonly\libraries\LCDMenu\extras">
      <UniqueIdentifier>{775f9372-fdf9-4355-b8b3-5818ff6d806c}</UniqueIdentifier>
    </Filter>
    <Filter Include="src\_micro-api-readonly\libraries\LCDMenu\src">
      <UniqueIdentifier>{34e29fee-dcad-4528-bbb5-794bb047e14c}</UniqueIdentifier>
    </Filter>
    <Filter Include="src\_micro-api-readonly\libraries\LiquidCrystal">
      <UniqueIdentifier>{0481a012-15ed-45a3-b704-e3505fcca020}</UniqueIdentifier>
    </Filter>
    <Filter Include="src\_micro-api-readonly\libraries\NMEA2000">
      <UniqueIdentifier>{8cfdd4dd-c03f-4657-8831-d7e68dd0cb7e}</UniqueIdentifier>
    </Filter>
    <Filter Include="src\_micro-api-readonly\libraries\NMEA2000_teensy">
      <UniqueIdentifier>{79983363-230e-42ad-a7e0-fc698dd686ec}</UniqueIdentifier>
    </Filter>
    <Filter Include="src\_micro-api-readonly\libraries\Wire">
      <UniqueIdentifier>{84b4ebb9-8a12-46a0-9b39-08f6a8f5763d}</UniqueIdentifier>
    </Filter>
    <Filter Include="src\_micro-api-readonly\libraries\Wire\utility">
      <UniqueIdentifier>{e9df34de-f63e-4836-b743-db6e6f893e55}</UniqueIdentifier>
    </Filter>
  </ItemGroup>
  <ItemGroup>
    <None Include="..\..\..\..\..\Program Files (x86)\Arduino\hardware\teensy\avr\cores\teensy3\memcpy-armv7m.S">
      <Filter>src\_micro-api-readonly\core</Filter>
    </None>
    <None Include="..\..\..\..\..\Program Files (x86)\Arduino\hardware\teensy\avr\cores\teensy3\memset.S">
      <Filter>src\_micro-api-readonly\core</Filter>
    </None>
    <None Include="..\libraries\Adafruit_Sensor-master\library.properties">
      <Filter>src\_micro-api-readonly\libraries\Adafruit_Sensor-master</Filter>
    </None>
    <None Include="..\libraries\BMP180_Breakout_Arduino_Library\library.properties">
      <Filter>src\_micro-api-readonly\libraries\BMP180_Breakout_Arduino_Library</Filter>
    </None>
    <None Include="..\libraries\DHT-sensor-library\library.properties">
      <Filter>src\_micro-api-readonly\libraries\DHT-sensor-library</Filter>
    </None>
    <None Include="..\..\..\..\..\Program Files (x86)\Arduino\hardware\teensy\avr\libraries\EEPROM\library.properties">
      <Filter>src\_micro-api-readonly\libraries\EEPROM</Filter>
    </None>
    <None Include="..\libraries\LCDMenu\library.properties">
      <Filter>src\_micro-api-readonly\libraries\LCDMenu</Filter>
    </None>
    <None Include="..\..\..\..\..\Program Files (x86)\Arduino\hardware\teensy\avr\libraries\LiquidCrystal\library.properties">
      <Filter>src\_micro-api-readonly\libraries\LiquidCrystal</Filter>
    </None>
    <None Include="..\libraries\NMEA2000\library.properties">
      <Filter>src\_micro-api-readonly\libraries\NMEA2000</Filter>
    </None>
    <None Include="..\libraries\NMEA2000_teensy\library.properties">
      <Filter>src\_micro-api-readonly\libraries\NMEA2000_teensy</Filter>
    </None>
    <None Include="..\..\..\..\..\Program Files (x86)\Arduino\hardware\teensy\avr\libraries\Wire\library.properties">
      <Filter>src\_micro-api-readonly\libraries\Wire</Filter>
    </None>
    <None Include="monControl.ino" />
    <None Include="monDisp.ino" />
    <None Include="monFuncDisp.ino" />
    <None Include="NMEAmonitor.ino" />
    <None Include="pages.ino" />
    <None Include="pressHumTemp.ino" />
    <None Include="ProcessN2K.ino" />
  </ItemGroup>
  <ItemGroup>
    <ClInclude Include="__vm\.NMEAmonitor.vsarduino.h">
      <Filter>Header Files</Filter>
    </ClInclude>
    <ClInclude Include="..\..\..\..\..\Program Files (x86)\Arduino\hardware\teensy\avr\cores\teensy3\Arduino.h">
      <Filter>src\_micro-api-readonly\core</Filter>
    </ClInclude>
    <ClInclude Include="..\..\..\..\..\Program Files (x86)\Arduino\hardware\teensy\avr\cores\teensy3\arm_common_tables.h">
      <Filter>src\_micro-api-readonly\core</Filter>
    </ClInclude>
    <ClInclude Include="..\..\..\..\..\Program Files (x86)\Arduino\hardware\teensy\avr\cores\teensy3\arm_math.h">
      <Filter>src\_micro-api-readonly\core</Filter>
    </ClInclude>
    <ClInclude Include="..\..\..\..\..\Program Files (x86)\Arduino\hardware\teensy\avr\cores\teensy3\AudioStream.h">
      <Filter>src\_micro-api-readonly\core</Filter>
    </ClInclude>
    <ClInclude Include="..\..\..\..\..\Program Files (x86)\Arduino\hardware\teensy\avr\cores\teensy3\avr_emulation.h">
      <Filter>src\_micro-api-readonly\core</Filter>
    </ClInclude>
    <ClInclude Include="..\..\..\..\..\Program Files (x86)\Arduino\hardware\teensy\avr\cores\teensy3\avr_functions.h">
      <Filter>src\_micro-api-readonly\core</Filter>
    </ClInclude>
    <ClInclude Include="..\..\..\..\..\Program Files (x86)\Arduino\hardware\teensy\avr\cores\teensy3\binary.h">
      <Filter>src\_micro-api-readonly\core</Filter>
    </ClInclude>
    <ClInclude Include="..\..\..\..\..\Program Files (x86)\Arduino\hardware\teensy\avr\cores\teensy3\Client.h">
      <Filter>src\_micro-api-readonly\core</Filter>
    </ClInclude>
    <ClInclude Include="..\..\..\..\..\Program Files (x86)\Arduino\hardware\teensy\avr\cores\teensy3\core_cm4.h">
      <Filter>src\_micro-api-readonly\core</Filter>
    </ClInclude>
    <ClInclude Include="..\..\..\..\..\Program Files (x86)\Arduino\hardware\teensy\avr\cores\teensy3\core_cm4_simd.h">
      <Filter>src\_micro-api-readonly\core</Filter>
    </ClInclude>
    <ClInclude Include="..\..\..\..\..\Program Files (x86)\Arduino\hardware\teensy\avr\cores\teensy3\core_cmInstr.h">
      <Filter>src\_micro-api-readonly\core</Filter>
    </ClInclude>
    <ClInclude Include="..\..\..\..\..\Program Files (x86)\Arduino\hardware\teensy\avr\cores\teensy3\core_id.h">
      <Filter>src\_micro-api-readonly\core</Filter>
    </ClInclude>
    <ClInclude Include="..\..\..\..\..\Program Files (x86)\Arduino\hardware\teensy\avr\cores\teensy3\core_pins.h">
      <Filter>src\_micro-api-readonly\core</Filter>
    </ClInclude>
    <ClInclude Include="..\..\..\..\..\Program Files (x86)\Arduino\hardware\teensy\avr\cores\teensy3\DMAChannel.h">
      <Filter>src\_micro-api-readonly\core</Filter>
    </ClInclude>
    <ClInclude Include="..\..\..\..\..\Program Files (x86)\Arduino\hardware\teensy\avr\cores\teensy3\elapsedMillis.h">
      <Filter>src\_micro-api-readonly\core</Filter>
    </ClInclude>
    <ClInclude Include="..\..\..\..\..\Program Files (x86)\Arduino\hardware\teensy\avr\cores\teensy3\HardwareSerial.h">
      <Filter>src\_micro-api-readonly\core</Filter>
    </ClInclude>
    <ClInclude Include="..\..\..\..\..\Program Files (x86)\Arduino\hardware\teensy\avr\cores\teensy3\IntervalTimer.h">
      <Filter>src\_micro-api-readonly\core</Filter>
    </ClInclude>
    <ClInclude Include="..\..\..\..\..\Program Files (x86)\Arduino\hardware\teensy\avr\cores\teensy3\IPAddress.h">
      <Filter>src\_micro-api-readonly\core</Filter>
    </ClInclude>
    <ClInclude Include="..\..\..\..\..\Program Files (x86)\Arduino\hardware\teensy\avr\cores\teensy3\keylayouts.h">
      <Filter>src\_micro-api-readonly\core</Filter>
    </ClInclude>
    <ClInclude Include="..\..\..\..\..\Program Files (x86)\Arduino\hardware\teensy\avr\cores\teensy3\kinetis.h">
      <Filter>src\_micro-api-readonly\core</Filter>
    </ClInclude>
    <ClInclude Include="..\..\..\..\..\Program Files (x86)\Arduino\hardware\teensy\avr\cores\teensy3\math_helper.h">
      <Filter>src\_micro-api-readonly\core</Filter>
    </ClInclude>
    <ClInclude Include="..\..\..\..\..\Program Files (x86)\Arduino\hardware\teensy\avr\cores\teensy3\mk20dx128.h">
      <Filter>src\_micro-api-readonly\core</Filter>
    </ClInclude>
    <ClInclude Include="..\..\..\..\..\Program Files (x86)\Arduino\hardware\teensy\avr\cores\teensy3\new.h">
      <Filter>src\_micro-api-readonly\core</Filter>
    </ClInclude>
    <ClInclude Include="..\..\..\..\..\Program Files (x86)\Arduino\hardware\teensy\avr\cores\teensy3\pins_arduino.h">
      <Filter>src\_micro-api-readonly\core</Filter>
    </ClInclude>
    <ClInclude Include="..\..\..\..\..\Program Files (x86)\Arduino\hardware\teensy\avr\cores\teensy3\Print.h">
      <Filter>src\_micro-api-readonly\core</Filter>
    </ClInclude>
    <ClInclude Include="..\..\..\..\..\Program Files (x86)\Arduino\hardware\teensy\avr\cores\teensy3\Printable.h">
      <Filter>src\_micro-api-readonly\core</Filter>
    </ClInclude>
    <ClInclude Include="..\..\..\..\..\Program Files (x86)\Arduino\hardware\teensy\avr\cores\teensy3\Server.h">
      <Filter>src\_micro-api-readonly\core</Filter>
    </ClInclude>
    <ClInclude Include="..\..\..\..\..\Program Files (x86)\Arduino\hardware\teensy\avr\cores\teensy3\ser_print.h">
      <Filter>src\_micro-api-readonly\core</Filter>
    </ClInclude>
    <ClInclude Include="..\..\..\..\..\Program Files (x86)\Arduino\hardware\teensy\avr\cores\teensy3\SPIFIFO.h">
      <Filter>src\_micro-api-readonly\core</Filter>
    </ClInclude>
    <ClInclude Include="..\..\..\..\..\Program Files (x86)\Arduino\hardware\teensy\avr\cores\teensy3\Stream.h">
      <Filter>src\_micro-api-readonly\core</Filter>
    </ClInclude>
    <ClInclude Include="..\..\..\..\..\Program Files (x86)\Arduino\hardware\teensy\avr\cores\teensy3\Udp.h">
      <Filter>src\_micro-api-readonly\core</Filter>
    </ClInclude>
    <ClInclude Include="..\..\..\..\..\Program Files (x86)\Arduino\hardware\teensy\avr\cores\teensy3\usb_audio.h">
      <Filter>src\_micro-api-readonly\core</Filter>
    </ClInclude>
    <ClInclude Include="..\..\..\..\..\Program Files (x86)\Arduino\hardware\teensy\avr\cores\teensy3\usb_desc.h">
      <Filter>src\_micro-api-readonly\core</Filter>
    </ClInclude>
    <ClInclude Include="..\..\..\..\..\Program Files (x86)\Arduino\hardware\teensy\avr\cores\teensy3\usb_dev.h">
      <Filter>src\_micro-api-readonly\core</Filter>
    </ClInclude>
    <ClInclude Include="..\..\..\..\..\Program Files (x86)\Arduino\hardware\teensy\avr\cores\teensy3\usb_flightsim.h">
      <Filter>src\_micro-api-readonly\core</Filter>
    </ClInclude>
    <ClInclude Include="..\..\..\..\..\Program Files (x86)\Arduino\hardware\teensy\avr\cores\teensy3\usb_joystick.h">
      <Filter>src\_micro-api-readonly\core</Filter>
    </ClInclude>
    <ClInclude Include="..\..\..\..\..\Program Files (x86)\Arduino\hardware\teensy\avr\cores\teensy3\usb_keyboard.h">
      <Filter>src\_micro-api-readonly\core</Filter>
    </ClInclude>
    <ClInclude Include="..\..\..\..\..\Program Files (x86)\Arduino\hardware\teensy\avr\cores\teensy3\usb_mem.h">
      <Filter>src\_micro-api-readonly\core</Filter>
    </ClInclude>
    <ClInclude Include="..\..\..\..\..\Program Files (x86)\Arduino\hardware\teensy\avr\cores\teensy3\usb_midi.h">
      <Filter>src\_micro-api-readonly\core</Filter>
    </ClInclude>
    <ClInclude Include="..\..\..\..\..\Program Files (x86)\Arduino\hardware\teensy\avr\cores\teensy3\usb_mouse.h">
      <Filter>src\_micro-api-readonly\core</Filter>
    </ClInclude>
    <ClInclude Include="..\..\..\..\..\Program Files (x86)\Arduino\hardware\teensy\avr\cores\teensy3\usb_mtp.h">
      <Filter>src\_micro-api-readonly\core</Filter>
    </ClInclude>
    <ClInclude Include="..\..\..\..\..\Program Files (x86)\Arduino\hardware\teensy\avr\cores\teensy3\usb_names.h">
      <Filter>src\_micro-api-readonly\core</Filter>
    </ClInclude>
    <ClInclude Include="..\..\..\..\..\Program Files (x86)\Arduino\hardware\teensy\avr\cores\teensy3\usb_rawhid.h">
      <Filter>src\_micro-api-readonly\core</Filter>
    </ClInclude>
    <ClInclude Include="..\..\..\..\..\Program Files (x86)\Arduino\hardware\teensy\avr\cores\teensy3\usb_seremu.h">
      <Filter>src\_micro-api-readonly\core</Filter>
    </ClInclude>
    <ClInclude Include="..\..\..\..\..\Program Files (x86)\Arduino\hardware\teensy\avr\cores\teensy3\usb_serial.h">
      <Filter>src\_micro-api-readonly\core</Filter>
    </ClInclude>
    <ClInclude Include="..\..\..\..\..\Program Files (x86)\Arduino\hardware\teensy\avr\cores\teensy3\usb_touch.h">
      <Filter>src\_micro-api-readonly\core</Filter>
    </ClInclude>
    <ClInclude Include="..\..\..\..\..\Program Files (x86)\Arduino\hardware\teensy\avr\cores\teensy3\usb_undef.h">
      <Filter>src\_micro-api-readonly\core</Filter>
    </ClInclude>
    <ClInclude Include="..\..\..\..\..\Program Files (x86)\Arduino\hardware\teensy\avr\cores\teensy3\WCharacter.h">
      <Filter>src\_micro-api-readonly\core</Filter>
    </ClInclude>
    <ClInclude Include="..\..\..\..\..\Program Files (x86)\Arduino\hardware\teensy\avr\cores\teensy3\WConstants.h">
      <Filter>src\_micro-api-readonly\core</Filter>
    </ClInclude>
    <ClInclude Include="..\..\..\..\..\Program Files (x86)\Arduino\hardware\teensy\avr\cores\teensy3\wiring.h">
      <Filter>src\_micro-api-readonly\core</Filter>
    </ClInclude>
    <ClInclude Include="..\..\..\..\..\Program Files (x86)\Arduino\hardware\teensy\avr\cores\teensy3\wiring_private.h">
      <Filter>src\_micro-api-readonly\core</Filter>
    </ClInclude>
    <ClInclude Include="..\..\..\..\..\Program Files (x86)\Arduino\hardware\teensy\avr\cores\teensy3\WProgram.h">
      <Filter>src\_micro-api-readonly\core</Filter>
    </ClInclude>
    <ClInclude Include="..\..\..\..\..\Program Files (x86)\Arduino\hardware\teensy\avr\cores\teensy3\WString.h">
      <Filter>src\_micro-api-readonly\core</Filter>
    </ClInclude>
    <ClInclude Include="..\..\..\..\..\Program Files (x86)\Arduino\hardware\teensy\avr\cores\teensy3\avr\eeprom.h">
      <Filter>src\_micro-api-readonly\core\avr</Filter>
    </ClInclude>
    <ClInclude Include="..\..\..\..\..\Program Files (x86)\Arduino\hardware\teensy\avr\cores\teensy3\avr\interrupt.h">
      <Filter>src\_micro-api-readonly\core\avr</Filter>
    </ClInclude>
    <ClInclude Include="..\..\..\..\..\Program Files (x86)\Arduino\hardware\teensy\avr\cores\teensy3\avr\io.h">
      <Filter>src\_micro-api-readonly\core\avr</Filter>
    </ClInclude>
    <ClInclude Include="..\..\..\..\..\Program Files (x86)\Arduino\hardware\teensy\avr\cores\teensy3\avr\pgmspace.h">
      <Filter>src\_micro-api-readonly\core\avr</Filter>
    </ClInclude>
    <ClInclude Include="..\..\..\..\..\Program Files (x86)\Arduino\hardware\teensy\avr\cores\teensy3\avr\power.h">
      <Filter>src\_micro-api-readonly\core\avr</Filter>
    </ClInclude>
    <ClInclude Include="..\..\..\..\..\Program Files (x86)\Arduino\hardware\teensy\avr\cores\teensy3\avr\sleep.h">
      <Filter>src\_micro-api-readonly\core\avr</Filter>
    </ClInclude>
    <ClInclude Include="..\..\..\..\..\Program Files (x86)\Arduino\hardware\teensy\avr\cores\teensy3\avr\wdt.h">
      <Filter>src\_micro-api-readonly\core\avr</Filter>
    </ClInclude>
    <ClInclude Include="..\..\..\..\..\Program Files (x86)\Arduino\hardware\teensy\avr\cores\teensy3\util\atomic.h">
      <Filter>src\_micro-api-readonly\core\util</Filter>
    </ClInclude>
    <ClInclude Include="..\..\..\..\..\Program Files (x86)\Arduino\hardware\teensy\avr\cores\teensy3\util\crc16.h">
      <Filter>src\_micro-api-readonly\core\util</Filter>
    </ClInclude>
    <ClInclude Include="..\..\..\..\..\Program Files (x86)\Arduino\hardware\teensy\avr\cores\teensy3\util\delay.h">
      <Filter>src\_micro-api-readonly\core\util</Filter>
    </ClInclude>
    <ClInclude Include="..\..\..\..\..\Program Files (x86)\Arduino\hardware\teensy\avr\cores\teensy3\util\parity.h">
      <Filter>src\_micro-api-readonly\core\util</Filter>
    </ClInclude>
    <ClInclude Include="..\libraries\Adafruit_Sensor-master\Adafruit_Sensor.h">
      <Filter>src\_micro-api-readonly\libraries\Adafruit_Sensor-master</Filter>
    </ClInclude>
    <ClInclude Include="..\libraries\BMP180_Breakout_Arduino_Library\src\SFE_BMP180.h">
      <Filter>src\_micro-api-readonly\libraries\BMP180_Breakout_Arduino_Library\src</Filter>
    </ClInclude>
    <ClInclude Include="..\libraries\DHT-sensor-library\DHT.h">
      <Filter>src\_micro-api-readonly\libraries\DHT-sensor-library</Filter>
    </ClInclude>
    <ClInclude Include="..\libraries\DHT-sensor-library\DHT_U.h">
      <Filter>src\_micro-api-readonly\libraries\DHT-sensor-library</Filter>
    </ClInclude>
    <ClInclude Include="..\..\..\..\..\Program Files (x86)\Arduino\hardware\teensy\avr\libraries\EEPROM\EEPROM.h">
      <Filter>src\_micro-api-readonly\libraries\EEPROM</Filter>
    </ClInclude>
    <ClInclude Include="..\..\..\..\..\Program Files (x86)\Arduino\hardware\teensy\avr\libraries\FlexCAN\FlexCAN.h">
      <Filter>src\_micro-api-readonly\libraries\FlexCAN</Filter>
    </ClInclude>
    <ClInclude Include="..\..\..\..\..\Program Files (x86)\Arduino\hardware\teensy\avr\libraries\FlexCAN\kinetis_flexcan.h">
      <Filter>src\_micro-api-readonly\libraries\FlexCAN</Filter>
    </ClInclude>
    <ClInclude Include="..\..\..\..\..\Program Files (x86)\Arduino\hardware\teensy\avr\libraries\Keypad\Keypad.h">
      <Filter>src\_micro-api-readonly\libraries\Keypad</Filter>
    </ClInclude>
    <ClInclude Include="..\..\..\..\..\Program Files (x86)\Arduino\hardware\teensy\avr\libraries\Keypad\utility\Key.h">
      <Filter>src\_micro-api-readonly\libraries\Keypad\utility</Filter>
    </ClInclude>
    <ClInclude Include="..\libraries\LCDMenu\src\LCDMenuLib.h">
      <Filter>src\_micro-api-readonly\libraries\LCDMenu\src</Filter>
    </ClInclude>
    <ClInclude Include="..\libraries\LCDMenu\src\LCDMenuLib_makros.h">
      <Filter>src\_micro-api-readonly\libraries\LCDMenu\src</Filter>
    </ClInclude>
    <ClInclude Include="..\libraries\LCDMenu\src\LCDMenuLib_menu.h">
      <Filter>src\_micro-api-readonly\libraries\LCDMenu\src</Filter>
    </ClInclude>
    <ClInclude Include="..\..\..\..\..\Program Files (x86)\Arduino\hardware\teensy\avr\libraries\LiquidCrystal\LiquidCrystal.h">
      <Filter>src\_micro-api-readonly\libraries\LiquidCrystal</Filter>
    </ClInclude>
    <ClInclude Include="..\libraries\NMEA2000\ActisenseReader.h">
      <Filter>src\_micro-api-readonly\libraries\NMEA2000</Filter>
    </ClInclude>
    <ClInclude Include="..\libraries\NMEA2000\N2kCANMsg.h">
      <Filter>src\_micro-api-readonly\libraries\NMEA2000</Filter>
    </ClInclude>
    <ClInclude Include="..\libraries\NMEA2000\N2kDef.h">
      <Filter>src\_micro-api-readonly\libraries\NMEA2000</Filter>
    </ClInclude>
    <ClInclude Include="..\libraries\NMEA2000\N2kMessages.h">
      <Filter>src\_micro-api-readonly\libraries\NMEA2000</Filter>
    </ClInclude>
    <ClInclude Include="..\libraries\NMEA2000\N2kMessagesEnumToStr.h">
      <Filter>src\_micro-api-readonly\libraries\NMEA2000</Filter>
    </ClInclude>
    <ClInclude Include="..\libraries\NMEA2000\N2kMsg.h">
      <Filter>src\_micro-api-readonly\libraries\NMEA2000</Filter>
    </ClInclude>
    <ClInclude Include="..\libraries\NMEA2000\N2kStream.h">
      <Filter>src\_micro-api-readonly\libraries\NMEA2000</Filter>
    </ClInclude>
    <ClInclude Include="..\libraries\NMEA2000\NMEA2000.h">
      <Filter>src\_micro-api-readonly\libraries\NMEA2000</Filter>
    </ClInclude>
    <ClInclude Include="..\libraries\NMEA2000\NMEA2000_CAN.h">
      <Filter>src\_micro-api-readonly\libraries\NMEA2000</Filter>
    </ClInclude>
    <ClInclude Include="..\libraries\NMEA2000_teensy\NMEA2000_teensy.h">
      <Filter>src\_micro-api-readonly\libraries\NMEA2000_teensy</Filter>
    </ClInclude>
    <ClInclude Include="..\..\..\..\..\Program Files (x86)\Arduino\hardware\teensy\avr\libraries\Wire\Wire.h">
      <Filter>src\_micro-api-readonly\libraries\Wire</Filter>
    </ClInclude>
    <ClInclude Include="..\..\..\..\..\Program Files (x86)\Arduino\hardware\teensy\avr\libraries\Wire\utility\twi.h">
      <Filter>src\_micro-api-readonly\libraries\Wire\utility</Filter>
    </ClInclude>
  </ItemGroup>
  <ItemGroup>
    <ClCompile Include="..\..\..\..\..\Program Files (x86)\Arduino\hardware\teensy\avr\cores\teensy3\AudioStream.cpp">
      <Filter>src\_micro-api-readonly\core</Filter>
    </ClCompile>
    <ClCompile Include="..\..\..\..\..\Program Files (x86)\Arduino\hardware\teensy\avr\cores\teensy3\avr_emulation.cpp">
      <Filter>src\_micro-api-readonly\core</Filter>
    </ClCompile>
    <ClCompile Include="..\..\..\..\..\Program Files (x86)\Arduino\hardware\teensy\avr\cores\teensy3\DMAChannel.cpp">
      <Filter>src\_micro-api-readonly\core</Filter>
    </ClCompile>
    <ClCompile Include="..\..\..\..\..\Program Files (x86)\Arduino\hardware\teensy\avr\cores\teensy3\HardwareSerial1.cpp">
      <Filter>src\_micro-api-readonly\core</Filter>
    </ClCompile>
    <ClCompile Include="..\..\..\..\..\Program Files (x86)\Arduino\hardware\teensy\avr\cores\teensy3\HardwareSerial2.cpp">
      <Filter>src\_micro-api-readonly\core</Filter>
    </ClCompile>
    <ClCompile Include="..\..\..\..\..\Program Files (x86)\Arduino\hardware\teensy\avr\cores\teensy3\HardwareSerial3.cpp">
      <Filter>src\_micro-api-readonly\core</Filter>
    </ClCompile>
    <ClCompile Include="..\..\..\..\..\Program Files (x86)\Arduino\hardware\teensy\avr\cores\teensy3\HardwareSerial4.cpp">
      <Filter>src\_micro-api-readonly\core</Filter>
    </ClCompile>
    <ClCompile Include="..\..\..\..\..\Program Files (x86)\Arduino\hardware\teensy\avr\cores\teensy3\HardwareSerial5.cpp">
      <Filter>src\_micro-api-readonly\core</Filter>
    </ClCompile>
    <ClCompile Include="..\..\..\..\..\Program Files (x86)\Arduino\hardware\teensy\avr\cores\teensy3\HardwareSerial6.cpp">
      <Filter>src\_micro-api-readonly\core</Filter>
    </ClCompile>
    <ClCompile Include="..\..\..\..\..\Program Files (x86)\Arduino\hardware\teensy\avr\cores\teensy3\IntervalTimer.cpp">
      <Filter>src\_micro-api-readonly\core</Filter>
    </ClCompile>
    <ClCompile Include="..\..\..\..\..\Program Files (x86)\Arduino\hardware\teensy\avr\cores\teensy3\IPAddress.cpp">
      <Filter>src\_micro-api-readonly\core</Filter>
    </ClCompile>
    <ClCompile Include="..\..\..\..\..\Program Files (x86)\Arduino\hardware\teensy\avr\cores\teensy3\main.cpp">
      <Filter>src\_micro-api-readonly\core</Filter>
    </ClCompile>
    <ClCompile Include="..\..\..\..\..\Program Files (x86)\Arduino\hardware\teensy\avr\cores\teensy3\new.cpp">
      <Filter>src\_micro-api-readonly\core</Filter>
    </ClCompile>
    <ClCompile Include="..\..\..\..\..\Program Files (x86)\Arduino\hardware\teensy\avr\cores\teensy3\Print.cpp">
      <Filter>src\_micro-api-readonly\core</Filter>
    </ClCompile>
    <ClCompile Include="..\..\..\..\..\Program Files (x86)\Arduino\hardware\teensy\avr\cores\teensy3\Stream.cpp">
      <Filter>src\_micro-api-readonly\core</Filter>
    </ClCompile>
    <ClCompile Include="..\..\..\..\..\Program Files (x86)\Arduino\hardware\teensy\avr\cores\teensy3\Tone.cpp">
      <Filter>src\_micro-api-readonly\core</Filter>
    </ClCompile>
    <ClCompile Include="..\..\..\..\..\Program Files (x86)\Arduino\hardware\teensy\avr\cores\teensy3\usb_audio.cpp">
      <Filter>src\_micro-api-readonly\core</Filter>
    </ClCompile>
    <ClCompile Include="..\..\..\..\..\Program Files (x86)\Arduino\hardware\teensy\avr\cores\teensy3\usb_flightsim.cpp">
      <Filter>src\_micro-api-readonly\core</Filter>
    </ClCompile>
    <ClCompile Include="..\..\..\..\..\Program Files (x86)\Arduino\hardware\teensy\avr\cores\teensy3\usb_inst.cpp">
      <Filter>src\_micro-api-readonly\core</Filter>
    </ClCompile>
    <ClCompile Include="..\..\..\..\..\Program Files (x86)\Arduino\hardware\teensy\avr\cores\teensy3\WMath.cpp">
      <Filter>src\_micro-api-readonly\core</Filter>
    </ClCompile>
    <ClCompile Include="..\..\..\..\..\Program Files (x86)\Arduino\hardware\teensy\avr\cores\teensy3\WString.cpp">
      <Filter>src\_micro-api-readonly\core</Filter>
    </ClCompile>
    <ClCompile Include="..\..\..\..\..\Program Files (x86)\Arduino\hardware\teensy\avr\cores\teensy3\yield.cpp">
      <Filter>src\_micro-api-readonly\core</Filter>
    </ClCompile>
    <ClCompile Include="..\libraries\BMP180_Breakout_Arduino_Library\src\SFE_BMP180.cpp">
      <Filter>src\_micro-api-readonly\libraries\BMP180_Breakout_Arduino_Library\src</Filter>
    </ClCompile>
    <ClCompile Include="..\libraries\DHT-sensor-library\DHT.cpp">
      <Filter>src\_micro-api-readonly\libraries\DHT-sensor-library</Filter>
    </ClCompile>
    <ClCompile Include="..\libraries\DHT-sensor-library\DHT_U.cpp">
      <Filter>src\_micro-api-readonly\libraries\DHT-sensor-library</Filter>
    </ClCompile>
    <ClCompile Include="..\..\..\..\..\Program Files (x86)\Arduino\hardware\teensy\avr\libraries\EEPROM\EEPROM.cpp">
      <Filter>src\_micro-api-readonly\libraries\EEPROM</Filter>
    </ClCompile>
    <ClCompile Include="..\..\..\..\..\Program Files (x86)\Arduino\hardware\teensy\avr\libraries\FlexCAN\FlexCAN.cpp">
      <Filter>src\_micro-api-readonly\libraries\FlexCAN</Filter>
    </ClCompile>
    <ClCompile Include="..\..\..\..\..\Program Files (x86)\Arduino\hardware\teensy\avr\libraries\Keypad\Keypad.cpp">
      <Filter>src\_micro-api-readonly\libraries\Keypad</Filter>
    </ClCompile>
    <ClCompile Include="..\..\..\..\..\Program Files (x86)\Arduino\hardware\teensy\avr\libraries\Keypad\utility\Key.cpp">
      <Filter>src\_micro-api-readonly\libraries\Keypad\utility</Filter>
    </ClCompile>
    <ClCompile Include="..\libraries\LCDMenu\src\LCDMenuLib.cpp">
      <Filter>src\_micro-api-readonly\libraries\LCDMenu\src</Filter>
    </ClCompile>
    <ClCompile Include="..\libraries\LCDMenu\src\LCDMenuLib_menu.cpp">
      <Filter>src\_micro-api-readonly\libraries\LCDMenu\src</Filter>
    </ClCompile>
    <ClCompile Include="..\..\..\..\..\Program Files (x86)\Arduino\hardware\teensy\avr\libraries\LiquidCrystal\LiquidCrystal.cpp">
      <Filter>src\_micro-api-readonly\libraries\LiquidCrystal</Filter>
    </ClCompile>
    <ClCompile Include="..\libraries\NMEA2000\ActisenseReader.cpp">
      <Filter>src\_micro-api-readonly\libraries\NMEA2000</Filter>
    </ClCompile>
    <ClCompile Include="..\libraries\NMEA2000\N2kMessages.cpp">
      <Filter>src\_micro-api-readonly\libraries\NMEA2000</Filter>
    </ClCompile>
    <ClCompile Include="..\libraries\NMEA2000\N2kMsg.cpp">
      <Filter>src\_micro-api-readonly\libraries\NMEA2000</Filter>
    </ClCompile>
    <ClCompile Include="..\libraries\NMEA2000\N2kStream.cpp">
      <Filter>src\_micro-api-readonly\libraries\NMEA2000</Filter>
    </ClCompile>
    <ClCompile Include="..\libraries\NMEA2000\NMEA2000.cpp">
      <Filter>src\_micro-api-readonly\libraries\NMEA2000</Filter>
    </ClCompile>
    <ClCompile Include="..\libraries\NMEA2000_teensy\NMEA2000_teensy.cpp">
      <Filter>src\_micro-api-readonly\libraries\NMEA2000_teensy</Filter>
    </ClCompile>
    <ClCompile Include="..\..\..\..\..\Program Files (x86)\Arduino\hardware\teensy\avr\libraries\Wire\Wire.cpp">
      <Filter>src\_micro-api-readonly\libraries\Wire</Filter>
    </ClCompile>
    <ClCompile Include="..\..\..\..\..\Program Files (x86)\Arduino\hardware\teensy\avr\libraries\Wire\utility\twi.c">
      <Filter>src\_micro-api-readonly\libraries\Wire\utility</Filter>
    </ClCompile>
  </ItemGroup>
  <ItemGroup>
    <Text Include="..\libraries\BMP180_Breakout_Arduino_Library\keywords.txt">
      <Filter>src\_micro-api-readonly\libraries\BMP180_Breakout_Arduino_Library</Filter>
    </Text>
    <Text Include="..\libraries\DHT-sensor-library\keywords.txt">
      <Filter>src\_micro-api-readonly\libraries\DHT-sensor-library</Filter>
    </Text>
    <Text Include="..\..\..\..\..\Program Files (x86)\Arduino\hardware\teensy\avr\libraries\EEPROM\keywords.txt">
      <Filter>src\_micro-api-readonly\libraries\EEPROM</Filter>
    </Text>
    <Text Include="..\..\..\..\..\Program Files (x86)\Arduino\hardware\teensy\avr\libraries\FlexCAN\keywords.txt">
      <Filter>src\_micro-api-readonly\libraries\FlexCAN</Filter>
    </Text>
    <Text Include="..\..\..\..\..\Program Files (x86)\Arduino\hardware\teensy\avr\libraries\Keypad\keywords.txt">
      <Filter>src\_micro-api-readonly\libraries\Keypad</Filter>
    </Text>
    <Text Include="..\libraries\LCDMenu\keywords.txt">
      <Filter>src\_micro-api-readonly\libraries\LCDMenu</Filter>
    </Text>
    <Text Include="..\..\..\..\..\Program Files (x86)\Arduino\hardware\teensy\avr\libraries\LiquidCrystal\keywords.txt">
      <Filter>src\_micro-api-readonly\libraries\LiquidCrystal</Filter>
    </Text>
    <Text Include="..\..\..\..\..\Program Files (x86)\Arduino\hardware\teensy\avr\libraries\Wire\keywords.txt">
      <Filter>src\_micro-api-readonly\libraries\Wire</Filter>
    </Text>
  </ItemGroup>
</Project>