<?xml version="1.0" encoding="utf-8"?>
<Project ToolsVersion="4.0" xmlns="http://schemas.microsoft.com/developer/msbuild/2003">
  <ItemGroup>
    <Filter Include="Source Files">
      <UniqueIdentifier>{4FC737F1-C7A5-4376-A066-2A32D752A2FF}</UniqueIdentifier>
      <Extensions>cpp;c;cc;cxx;def;odl;idl;hpj;bat;asm;asmx</Extensions>
    </Filter>
    <Filter Include="Header Files">
      <UniqueIdentifier>{93995380-89BD-4b04-88EB-625FBE52EBFB}</UniqueIdentifier>
      <Extensions>h;hh;hpp;hxx;hm;inl;inc;xsd</Extensions>
    </Filter>
    <Filter Include="Resource Files">
      <UniqueIdentifier>{67DA6AB6-F800-4c08-8B7A-83BB121AAD01}</UniqueIdentifier>
      <Extensions>rc;ico;cur;bmp;dlg;rc2;rct;bin;rgs;gif;jpg;jpeg;jpe;resx;tiff;tif;png;wav;mfcribbon-ms</Extensions>
    </Filter>
    <Filter Include="src">
      <UniqueIdentifier>{6f2a295e-14fc-403d-8004-2fdafd195ea9}</UniqueIdentifier>
    </Filter>
    <Filter Include="src\_micro-api-readonly">
      <UniqueIdentifier>{d41d4e7a-72c3-41e5-be6c-3c95ae9e873e}</UniqueIdentifier>
    </Filter>
    <Filter Include="src\_micro-api-readonly\core">
      <UniqueIdentifier>{0ad1110a-ea8f-4266-beaf-3edc04e754bf}</UniqueIdentifier>
    </Filter>
    <Filter Include="src\_micro-api-readonly\core\avr">
      <UniqueIdentifier>{eb21ce2d-abcc-4345-a7c1-29e0fcce08fb}</UniqueIdentifier>
    </Filter>
    <Filter Include="src\_micro-api-readonly\core\util">
      <UniqueIdentifier>{03f357f0-38c6-4f3b-9a4d-6636c7ba8484}</UniqueIdentifier>
    </Filter>
    <Filter Include="src\_micro-api-readonly\libraries">
      <UniqueIdentifier>{30c66993-944a-42c4-b7ad-8c198497349a}</UniqueIdentifier>
    </Filter>
    <Filter Include="src\_micro-api-readonly\libraries\LCDMenuLib">
      <UniqueIdentifier>{63109b07-cde9-47c3-a299-e0e3305cf28b}</UniqueIdentifier>
    </Filter>
    <Filter Include="src\_micro-api-readonly\libraries\LiquidCrystal">
      <UniqueIdentifier>{1cf17812-883b-4342-bb25-9d2d95743cb0}</UniqueIdentifier>
    </Filter>
    <Filter Include="src\_micro-api-readonly\libraries\EEPROM">
      <UniqueIdentifier>{127201b1-88d7-43cb-b8c0-d0149bb8c2d2}</UniqueIdentifier>
    </Filter>
    <Filter Include="src\_micro-api-readonly\libraries\NMEA2000">
      <UniqueIdentifier>{9dca2a26-88cd-49e8-8626-bab187a91f46}</UniqueIdentifier>
    </Filter>
    <Filter Include="src\_micro-api-readonly\libraries\NMEA2000_teensy">
      <UniqueIdentifier>{5af4fd81-f3c9-4f3d-a599-27a12c400f29}</UniqueIdentifier>
    </Filter>
    <Filter Include="src\_micro-api-readonly\libraries\Keypad">
      <UniqueIdentifier>{889d1ea6-eefc-4692-8ffc-359d8624e2a9}</UniqueIdentifier>
    </Filter>
    <Filter Include="src\_micro-api-readonly\libraries\Wire">
      <UniqueIdentifier>{45efb6c6-1140-40f2-b132-d2799ebc23fc}</UniqueIdentifier>
    </Filter>
    <Filter Include="src\_micro-api-readonly\libraries\Wire\utility">
      <UniqueIdentifier>{9466d75e-118d-48d8-804a-b73629b9768a}</UniqueIdentifier>
    </Filter>
    <Filter Include="src\_micro-api-readonly\libraries\FlexCAN_Library">
      <UniqueIdentifier>{03b2a3fa-0038-4485-815a-1c48b6a229e2}</UniqueIdentifier>
    </Filter>
    <Filter Include="src\_micro-api-readonly\libraries\DHT-sensor-library">
      <UniqueIdentifier>{4639b8a6-7358-4ece-b3f6-7032ec6c6a03}</UniqueIdentifier>
    </Filter>
    <Filter Include="src\_micro-api-readonly\libraries\BMP180_Breakout_Arduino_Library">
      <UniqueIdentifier>{dbfb007a-e6b7-413f-af8d-41eb4731493d}</UniqueIdentifier>
    </Filter>
    <Filter Include="src\_micro-api-readonly\libraries\Adafruit_Sensor">
      <UniqueIdentifier>{927b8da2-0ab9-4824-b3ea-ffb196420144}</UniqueIdentifier>
    </Filter>
  </ItemGroup>
  <ItemGroup>
    <None Include="monControl.ino" />
    <None Include="monDisp.ino" />
    <None Include="monFuncDisp.ino" />
    <None Include="NMEAmonitor.ino" />
    <None Include="pages.ino" />
    <None Include="pressHumTemp.ino" />
    <None Include="ProcessN2K.ino" />
    <None Include="..\..\..\..\..\Program Files (x86)\Arduino\hardware\teensy\avr\cores\teensy3\memcpy-armv7m.S">
      <Filter>src\_micro-api-readonly\core</Filter>
    </None>
    <None Include="..\..\..\..\..\Program Files (x86)\Arduino\hardware\teensy\avr\cores\teensy3\memset.S">
      <Filter>src\_micro-api-readonly\core</Filter>
    </None>
    <None Include="..\libraries\LCDMenuLib\library.properties">
      <Filter>src\_micro-api-readonly\libraries\LCDMenuLib</Filter>
    </None>
    <None Include="..\..\..\..\..\Program Files (x86)\Arduino\hardware\teensy\avr\libraries\LiquidCrystal\library.properties">
      <Filter>src\_micro-api-readonly\libraries\LiquidCrystal</Filter>
    </None>
    <None Include="..\..\..\..\..\Program Files (x86)\Arduino\hardware\teensy\avr\libraries\EEPROM\library.properties">
      <Filter>src\_micro-api-readonly\libraries\EEPROM</Filter>
    </None>
    <None Include="..\libraries\NMEA2000\library.json">
      <Filter>src\_micro-api-readonly\libraries\NMEA2000</Filter>
    </None>
    <None Include="..\libraries\NMEA2000\library.properties">
      <Filter>src\_micro-api-readonly\libraries\NMEA2000</Filter>
    </None>
    <None Include="..\libraries\NMEA2000_teensy\library.properties">
      <Filter>src\_micro-api-readonly\libraries\NMEA2000_teensy</Filter>
    </None>
    <None Include="..\..\..\..\..\Program Files (x86)\Arduino\hardware\teensy\avr\libraries\Keypad\library.properties">
      <Filter>src\_micro-api-readonly\libraries\Keypad</Filter>
    </None>
    <None Include="..\..\..\..\..\Program Files (x86)\Arduino\hardware\teensy\avr\libraries\Wire\library.properties">
      <Filter>src\_micro-api-readonly\libraries\Wire</Filter>
    </None>
    <None Include="..\libraries\DHT-sensor-library\library.properties">
      <Filter>src\_micro-api-readonly\libraries\DHT-sensor-library</Filter>
    </None>
    <None Include="..\libraries\DHT-sensor-library\library_BOOTPC_Apr-13-215650-2017_Conflict.properties">
      <Filter>src\_micro-api-readonly\libraries\DHT-sensor-library</Filter>
    </None>
    <None Include="..\libraries\BMP180_Breakout_Arduino_Library\library.properties">
      <Filter>src\_micro-api-readonly\libraries\BMP180_Breakout_Arduino_Library</Filter>
    </None>
    <None Include="..\libraries\Adafruit_Sensor\library.properties">
      <Filter>src\_micro-api-readonly\libraries\Adafruit_Sensor</Filter>
    </None>
  </ItemGroup>
  <ItemGroup>
    <ClInclude Include="__vm\.NMEAmonitor.vsarduino.h">
      <Filter>Header Files</Filter>
    </ClInclude>
    <ClInclude Include="..\..\..\..\..\Program Files (x86)\Arduino\hardware\teensy\avr\cores\teensy3\Arduino.h">
      <Filter>src\_micro-api-readonly\core</Filter>
    </ClInclude>
    <ClInclude Include="..\..\..\..\..\Program Files (x86)\Arduino\hardware\teensy\avr\cores\teensy3\arm_common_tables.h">
      <Filter>src\_micro-api-readonly\core</Filter>
    </ClInclude>
    <ClInclude Include="..\..\..\..\..\Program Files (x86)\Arduino\hardware\teensy\avr\cores\teensy3\arm_math.h">
      <Filter>src\_micro-api-readonly\core</Filter>
    </ClInclude>
    <ClInclude Include="..\..\..\..\..\Program Files (x86)\Arduino\hardware\teensy\avr\cores\teensy3\AudioStream.h">
      <Filter>src\_micro-api-readonly\core</Filter>
    </ClInclude>
    <ClInclude Include="..\..\..\..\..\Program Files (x86)\Arduino\hardware\teensy\avr\cores\teensy3\avr_emulation.h">
      <Filter>src\_micro-api-readonly\core</Filter>
    </ClInclude>
    <ClInclude Include="..\..\..\..\..\Program Files (x86)\Arduino\hardware\teensy\avr\cores\teensy3\avr_functions.h">
      <Filter>src\_micro-api-readonly\core</Filter>
    </ClInclude>
    <ClInclude Include="..\..\..\..\..\Program Files (x86)\Arduino\hardware\teensy\avr\cores\teensy3\binary.h">
      <Filter>src\_micro-api-readonly\core</Filter>
    </ClInclude>
    <ClInclude Include="..\..\..\..\..\Program Files (x86)\Arduino\hardware\teensy\avr\cores\teensy3\Client.h">
      <Filter>src\_micro-api-readonly\core</Filter>
    </ClInclude>
    <ClInclude Include="..\..\..\..\..\Program Files (x86)\Arduino\hardware\teensy\avr\cores\teensy3\core_cm4.h">
      <Filter>src\_micro-api-readonly\core</Filter>
    </ClInclude>
    <ClInclude Include="..\..\..\..\..\Program Files (x86)\Arduino\hardware\teensy\avr\cores\teensy3\core_cm4_simd.h">
      <Filter>src\_micro-api-readonly\core</Filter>
    </ClInclude>
    <ClInclude Include="..\..\..\..\..\Program Files (x86)\Arduino\hardware\teensy\avr\cores\teensy3\core_cmInstr.h">
      <Filter>src\_micro-api-readonly\core</Filter>
    </ClInclude>
    <ClInclude Include="..\..\..\..\..\Program Files (x86)\Arduino\hardware\teensy\avr\cores\teensy3\core_id.h">
      <Filter>src\_micro-api-readonly\core</Filter>
    </ClInclude>
    <ClInclude Include="..\..\..\..\..\Program Files (x86)\Arduino\hardware\teensy\avr\cores\teensy3\core_pins.h">
      <Filter>src\_micro-api-readonly\core</Filter>
    </ClInclude>
    <ClInclude Include="..\..\..\..\..\Program Files (x86)\Arduino\hardware\teensy\avr\cores\teensy3\DMAChannel.h">
      <Filter>src\_micro-api-readonly\core</Filter>
    </ClInclude>
    <ClInclude Include="..\..\..\..\..\Program Files (x86)\Arduino\hardware\teensy\avr\cores\teensy3\elapsedMillis.h">
      <Filter>src\_micro-api-readonly\core</Filter>
    </ClInclude>
    <ClInclude Include="..\..\..\..\..\Program Files (x86)\Arduino\hardware\teensy\avr\cores\teensy3\EventResponder.h">
      <Filter>src\_micro-api-readonly\core</Filter>
    </ClInclude>
    <ClInclude Include="..\..\..\..\..\Program Files (x86)\Arduino\hardware\teensy\avr\cores\teensy3\FS.h">
      <Filter>src\_micro-api-readonly\core</Filter>
    </ClInclude>
    <ClInclude Include="..\..\..\..\..\Program Files (x86)\Arduino\hardware\teensy\avr\cores\teensy3\HardwareSerial.h">
      <Filter>src\_micro-api-readonly\core</Filter>
    </ClInclude>
    <ClInclude Include="..\..\..\..\..\Program Files (x86)\Arduino\hardware\teensy\avr\cores\teensy3\IntervalTimer.h">
      <Filter>src\_micro-api-readonly\core</Filter>
    </ClInclude>
    <ClInclude Include="..\..\..\..\..\Program Files (x86)\Arduino\hardware\teensy\avr\cores\teensy3\IPAddress.h">
      <Filter>src\_micro-api-readonly\core</Filter>
    </ClInclude>
    <ClInclude Include="..\..\..\..\..\Program Files (x86)\Arduino\hardware\teensy\avr\cores\teensy3\Keyboard.h">
      <Filter>src\_micro-api-readonly\core</Filter>
    </ClInclude>
    <ClInclude Include="..\..\..\..\..\Program Files (x86)\Arduino\hardware\teensy\avr\cores\teensy3\keylayouts.h">
      <Filter>src\_micro-api-readonly\core</Filter>
    </ClInclude>
    <ClInclude Include="..\..\..\..\..\Program Files (x86)\Arduino\hardware\teensy\avr\cores\teensy3\kinetis.h">
      <Filter>src\_micro-api-readonly\core</Filter>
    </ClInclude>
    <ClInclude Include="..\..\..\..\..\Program Files (x86)\Arduino\hardware\teensy\avr\cores\teensy3\math_helper.h">
      <Filter>src\_micro-api-readonly\core</Filter>
    </ClInclude>
    <ClInclude Include="..\..\..\..\..\Program Files (x86)\Arduino\hardware\teensy\avr\cores\teensy3\MIDIUSB.h">
      <Filter>src\_micro-api-readonly\core</Filter>
    </ClInclude>
    <ClInclude Include="..\..\..\..\..\Program Files (x86)\Arduino\hardware\teensy\avr\cores\teensy3\mk20dx128.h">
      <Filter>src\_micro-api-readonly\core</Filter>
    </ClInclude>
    <ClInclude Include="..\..\..\..\..\Program Files (x86)\Arduino\hardware\teensy\avr\cores\teensy3\Mouse.h">
      <Filter>src\_micro-api-readonly\core</Filter>
    </ClInclude>
    <ClInclude Include="..\..\..\..\..\Program Files (x86)\Arduino\hardware\teensy\avr\cores\teensy3\new.h">
      <Filter>src\_micro-api-readonly\core</Filter>
    </ClInclude>
    <ClInclude Include="..\..\..\..\..\Program Files (x86)\Arduino\hardware\teensy\avr\cores\teensy3\pgmspace.h">
      <Filter>src\_micro-api-readonly\core</Filter>
    </ClInclude>
    <ClInclude Include="..\..\..\..\..\Program Files (x86)\Arduino\hardware\teensy\avr\cores\teensy3\pins_arduino.h">
      <Filter>src\_micro-api-readonly\core</Filter>
    </ClInclude>
    <ClInclude Include="..\..\..\..\..\Program Files (x86)\Arduino\hardware\teensy\avr\cores\teensy3\Print.h">
      <Filter>src\_micro-api-readonly\core</Filter>
    </ClInclude>
    <ClInclude Include="..\..\..\..\..\Program Files (x86)\Arduino\hardware\teensy\avr\cores\teensy3\Printable.h">
      <Filter>src\_micro-api-readonly\core</Filter>
    </ClInclude>
    <ClInclude Include="..\..\..\..\..\Program Files (x86)\Arduino\hardware\teensy\avr\cores\teensy3\Server.h">
      <Filter>src\_micro-api-readonly\core</Filter>
    </ClInclude>
    <ClInclude Include="..\..\..\..\..\Program Files (x86)\Arduino\hardware\teensy\avr\cores\teensy3\ser_print.h">
      <Filter>src\_micro-api-readonly\core</Filter>
    </ClInclude>
    <ClInclude Include="..\..\..\..\..\Program Files (x86)\Arduino\hardware\teensy\avr\cores\teensy3\SPIFIFO.h">
      <Filter>src\_micro-api-readonly\core</Filter>
    </ClInclude>
    <ClInclude Include="..\..\..\..\..\Program Files (x86)\Arduino\hardware\teensy\avr\cores\teensy3\Stream.h">
      <Filter>src\_micro-api-readonly\core</Filter>
    </ClInclude>
    <ClInclude Include="..\..\..\..\..\Program Files (x86)\Arduino\hardware\teensy\avr\cores\teensy3\Udp.h">
      <Filter>src\_micro-api-readonly\core</Filter>
    </ClInclude>
    <ClInclude Include="..\..\..\..\..\Program Files (x86)\Arduino\hardware\teensy\avr\cores\teensy3\usb_audio.h">
      <Filter>src\_micro-api-readonly\core</Filter>
    </ClInclude>
    <ClInclude Include="..\..\..\..\..\Program Files (x86)\Arduino\hardware\teensy\avr\cores\teensy3\usb_desc.h">
      <Filter>src\_micro-api-readonly\core</Filter>
    </ClInclude>
    <ClInclude Include="..\..\..\..\..\Program Files (x86)\Arduino\hardware\teensy\avr\cores\teensy3\usb_dev.h">
      <Filter>src\_micro-api-readonly\core</Filter>
    </ClInclude>
    <ClInclude Include="..\..\..\..\..\Program Files (x86)\Arduino\hardware\teensy\avr\cores\teensy3\usb_flightsim.h">
      <Filter>src\_micro-api-readonly\core</Filter>
    </ClInclude>
    <ClInclude Include="..\..\..\..\..\Program Files (x86)\Arduino\hardware\teensy\avr\cores\teensy3\usb_joystick.h">
      <Filter>src\_micro-api-readonly\core</Filter>
    </ClInclude>
    <ClInclude Include="..\..\..\..\..\Program Files (x86)\Arduino\hardware\teensy\avr\cores\teensy3\usb_keyboard.h">
      <Filter>src\_micro-api-readonly\core</Filter>
    </ClInclude>
    <ClInclude Include="..\..\..\..\..\Program Files (x86)\Arduino\hardware\teensy\avr\cores\teensy3\usb_mem.h">
      <Filter>src\_micro-api-readonly\core</Filter>
    </ClInclude>
    <ClInclude Include="..\..\..\..\..\Program Files (x86)\Arduino\hardware\teensy\avr\cores\teensy3\usb_midi.h">
      <Filter>src\_micro-api-readonly\core</Filter>
    </ClInclude>
    <ClInclude Include="..\..\..\..\..\Program Files (x86)\Arduino\hardware\teensy\avr\cores\teensy3\usb_mouse.h">
      <Filter>src\_micro-api-readonly\core</Filter>
    </ClInclude>
    <ClInclude Include="..\..\..\..\..\Program Files (x86)\Arduino\hardware\teensy\avr\cores\teensy3\usb_mtp.h">
      <Filter>src\_micro-api-readonly\core</Filter>
    </ClInclude>
    <ClInclude Include="..\..\..\..\..\Program Files (x86)\Arduino\hardware\teensy\avr\cores\teensy3\usb_names.h">
      <Filter>src\_micro-api-readonly\core</Filter>
    </ClInclude>
    <ClInclude Include="..\..\..\..\..\Program Files (x86)\Arduino\hardware\teensy\avr\cores\teensy3\usb_rawhid.h">
      <Filter>src\_micro-api-readonly\core</Filter>
    </ClInclude>
    <ClInclude Include="..\..\..\..\..\Program Files (x86)\Arduino\hardware\teensy\avr\cores\teensy3\usb_seremu.h">
      <Filter>src\_micro-api-readonly\core</Filter>
    </ClInclude>
    <ClInclude Include="..\..\..\..\..\Program Files (x86)\Arduino\hardware\teensy\avr\cores\teensy3\usb_serial.h">
      <Filter>src\_micro-api-readonly\core</Filter>
    </ClInclude>
    <ClInclude Include="..\..\..\..\..\Program Files (x86)\Arduino\hardware\teensy\avr\cores\teensy3\usb_touch.h">
      <Filter>src\_micro-api-readonly\core</Filter>
    </ClInclude>
    <ClInclude Include="..\..\..\..\..\Program Files (x86)\Arduino\hardware\teensy\avr\cores\teensy3\usb_undef.h">
      <Filter>src\_micro-api-readonly\core</Filter>
    </ClInclude>
    <ClInclude Include="..\..\..\..\..\Program Files (x86)\Arduino\hardware\teensy\avr\cores\teensy3\WCharacter.h">
      <Filter>src\_micro-api-readonly\core</Filter>
    </ClInclude>
    <ClInclude Include="..\..\..\..\..\Program Files (x86)\Arduino\hardware\teensy\avr\cores\teensy3\WConstants.h">
      <Filter>src\_micro-api-readonly\core</Filter>
    </ClInclude>
    <ClInclude Include="..\..\..\..\..\Program Files (x86)\Arduino\hardware\teensy\avr\cores\teensy3\wiring.h">
      <Filter>src\_micro-api-readonly\core</Filter>
    </ClInclude>
    <ClInclude Include="..\..\..\..\..\Program Files (x86)\Arduino\hardware\teensy\avr\cores\teensy3\wiring_private.h">
      <Filter>src\_micro-api-readonly\core</Filter>
    </ClInclude>
    <ClInclude Include="..\..\..\..\..\Program Files (x86)\Arduino\hardware\teensy\avr\cores\teensy3\WProgram.h">
      <Filter>src\_micro-api-readonly\core</Filter>
    </ClInclude>
    <ClInclude Include="..\..\..\..\..\Program Files (x86)\Arduino\hardware\teensy\avr\cores\teensy3\WString.h">
      <Filter>src\_micro-api-readonly\core</Filter>
    </ClInclude>
    <ClInclude Include="..\..\..\..\..\Program Files (x86)\Arduino\hardware\teensy\avr\cores\teensy3\avr\eeprom.h">
      <Filter>src\_micro-api-readonly\core\avr</Filter>
    </ClInclude>
    <ClInclude Include="..\..\..\..\..\Program Files (x86)\Arduino\hardware\teensy\avr\cores\teensy3\avr\interrupt.h">
      <Filter>src\_micro-api-readonly\core\avr</Filter>
    </ClInclude>
    <ClInclude Include="..\..\..\..\..\Program Files (x86)\Arduino\hardware\teensy\avr\cores\teensy3\avr\io.h">
      <Filter>src\_micro-api-readonly\core\avr</Filter>
    </ClInclude>
    <ClInclude Include="..\..\..\..\..\Program Files (x86)\Arduino\hardware\teensy\avr\cores\teensy3\avr\pgmspace.h">
      <Filter>src\_micro-api-readonly\core\avr</Filter>
    </ClInclude>
    <ClInclude Include="..\..\..\..\..\Program Files (x86)\Arduino\hardware\teensy\avr\cores\teensy3\avr\power.h">
      <Filter>src\_micro-api-readonly\core\avr</Filter>
    </ClInclude>
    <ClInclude Include="..\..\..\..\..\Program Files (x86)\Arduino\hardware\teensy\avr\cores\teensy3\avr\sleep.h">
      <Filter>src\_micro-api-readonly\core\avr</Filter>
    </ClInclude>
    <ClInclude Include="..\..\..\..\..\Program Files (x86)\Arduino\hardware\teensy\avr\cores\teensy3\avr\wdt.h">
      <Filter>src\_micro-api-readonly\core\avr</Filter>
    </ClInclude>
    <ClInclude Include="..\..\..\..\..\Program Files (x86)\Arduino\hardware\teensy\avr\cores\teensy3\util\atomic.h">
      <Filter>src\_micro-api-readonly\core\util</Filter>
    </ClInclude>
    <ClInclude Include="..\..\..\..\..\Program Files (x86)\Arduino\hardware\teensy\avr\cores\teensy3\util\crc16.h">
      <Filter>src\_micro-api-readonly\core\util</Filter>
    </ClInclude>
    <ClInclude Include="..\..\..\..\..\Program Files (x86)\Arduino\hardware\teensy\avr\cores\teensy3\util\delay.h">
      <Filter>src\_micro-api-readonly\core\util</Filter>
    </ClInclude>
    <ClInclude Include="..\..\..\..\..\Program Files (x86)\Arduino\hardware\teensy\avr\cores\teensy3\util\parity.h">
      <Filter>src\_micro-api-readonly\core\util</Filter>
    </ClInclude>
    <ClInclude Include="..\libraries\LCDMenuLib\src\LCDMenuLib.h">
      <Filter>src\_micro-api-readonly\libraries\LCDMenuLib</Filter>
    </ClInclude>
    <ClInclude Include="..\libraries\LCDMenuLib\src\LCDMenuLib_makros.h">
      <Filter>src\_micro-api-readonly\libraries\LCDMenuLib</Filter>
    </ClInclude>
    <ClInclude Include="..\libraries\LCDMenuLib\src\LCDMenuLib_menu.h">
      <Filter>src\_micro-api-readonly\libraries\LCDMenuLib</Filter>
    </ClInclude>
    <ClInclude Include="..\..\..\..\..\Program Files (x86)\Arduino\hardware\teensy\avr\libraries\LiquidCrystal\LiquidCrystal.h">
      <Filter>src\_micro-api-readonly\libraries\LiquidCrystal</Filter>
    </ClInclude>
    <ClInclude Include="..\..\..\..\..\Program Files (x86)\Arduino\hardware\teensy\avr\libraries\LiquidCrystal\src\LiquidCrystal.h">
      <Filter>src\_micro-api-readonly\libraries\LiquidCrystal</Filter>
    </ClInclude>
    <ClInclude Include="..\..\..\..\..\Program Files (x86)\Arduino\hardware\teensy\avr\libraries\EEPROM\EEPROM.h">
      <Filter>src\_micro-api-readonly\libraries\EEPROM</Filter>
    </ClInclude>
    <ClInclude Include="..\libraries\NMEA2000\ActisenseReader.h">
      <Filter>src\_micro-api-readonly\libraries\NMEA2000</Filter>
    </ClInclude>
    <ClInclude Include="..\libraries\NMEA2000\N2kCANMsg.h">
      <Filter>src\_micro-api-readonly\libraries\NMEA2000</Filter>
    </ClInclude>
    <ClInclude Include="..\libraries\NMEA2000\N2kDef.h">
      <Filter>src\_micro-api-readonly\libraries\NMEA2000</Filter>
    </ClInclude>
    <ClInclude Include="..\libraries\NMEA2000\N2kStream.h">
      <Filter>src\_micro-api-readonly\libraries\NMEA2000</Filter>
    </ClInclude>
    <ClInclude Include="..\libraries\NMEA2000\NMEA2000.h">
      <Filter>src\_micro-api-readonly\libraries\NMEA2000</Filter>
    </ClInclude>
    <ClInclude Include="..\libraries\NMEA2000\src\ActisenseReader.h">
      <Filter>src\_micro-api-readonly\libraries\NMEA2000</Filter>
    </ClInclude>
    <ClInclude Include="..\libraries\NMEA2000\src\N2kCANMsg.h">
      <Filter>src\_micro-api-readonly\libraries\NMEA2000</Filter>
    </ClInclude>
    <ClInclude Include="..\libraries\NMEA2000\src\N2kDef.h">
      <Filter>src\_micro-api-readonly\libraries\NMEA2000</Filter>
    </ClInclude>
    <ClInclude Include="..\libraries\NMEA2000\src\N2kDeviceList.h">
      <Filter>src\_micro-api-readonly\libraries\NMEA2000</Filter>
    </ClInclude>
    <ClInclude Include="..\libraries\NMEA2000\src\N2kGroupFunction.h">
      <Filter>src\_micro-api-readonly\libraries\NMEA2000</Filter>
    </ClInclude>
    <ClInclude Include="..\libraries\NMEA2000\src\N2kGroupFunctionDefaultHandlers.h">
      <Filter>src\_micro-api-readonly\libraries\NMEA2000</Filter>
    </ClInclude>
    <ClInclude Include="..\libraries\NMEA2000\src\N2kMessages.h">
      <Filter>src\_micro-api-readonly\libraries\NMEA2000</Filter>
    </ClInclude>
    <ClInclude Include="..\libraries\NMEA2000\src\N2kMessagesEnumToStr.h">
      <Filter>src\_micro-api-readonly\libraries\NMEA2000</Filter>
    </ClInclude>
    <ClInclude Include="..\libraries\NMEA2000\src\N2kMsg.h">
      <Filter>src\_micro-api-readonly\libraries\NMEA2000</Filter>
    </ClInclude>
    <ClInclude Include="..\libraries\NMEA2000\src\N2kStream.h">
      <Filter>src\_micro-api-readonly\libraries\NMEA2000</Filter>
    </ClInclude>
    <ClInclude Include="..\libraries\NMEA2000\src\NMEA2000.h">
      <Filter>src\_micro-api-readonly\libraries\NMEA2000</Filter>
    </ClInclude>
    <ClInclude Include="..\libraries\NMEA2000\src\NMEA2000_CAN.h">
      <Filter>src\_micro-api-readonly\libraries\NMEA2000</Filter>
    </ClInclude>
    <ClInclude Include="..\libraries\NMEA2000\src\NMEA2000_CompilerDefns.h">
      <Filter>src\_micro-api-readonly\libraries\NMEA2000</Filter>
    </ClInclude>
    <ClInclude Include="..\libraries\NMEA2000\src\Seasmart.h">
      <Filter>src\_micro-api-readonly\libraries\NMEA2000</Filter>
    </ClInclude>
    <ClInclude Include="..\libraries\NMEA2000\third-party\catch\catch.hpp">
      <Filter>src\_micro-api-readonly\libraries\NMEA2000</Filter>
    </ClInclude>
    <ClInclude Include="..\libraries\NMEA2000_teensy\NMEA2000_teensy.h">
      <Filter>src\_micro-api-readonly\libraries\NMEA2000_teensy</Filter>
    </ClInclude>
    <ClInclude Include="..\..\..\..\..\Program Files (x86)\Arduino\hardware\teensy\avr\libraries\Keypad\src\Key.h">
      <Filter>src\_micro-api-readonly\libraries\Keypad</Filter>
    </ClInclude>
    <ClInclude Include="..\..\..\..\..\Program Files (x86)\Arduino\hardware\teensy\avr\libraries\Keypad\src\Keypad.h">
      <Filter>src\_micro-api-readonly\libraries\Keypad</Filter>
    </ClInclude>
    <ClInclude Include="..\..\..\..\..\Program Files (x86)\Arduino\hardware\teensy\avr\libraries\Wire\Wire.h">
      <Filter>src\_micro-api-readonly\libraries\Wire</Filter>
    </ClInclude>
    <ClInclude Include="..\..\..\..\..\Program Files (x86)\Arduino\hardware\teensy\avr\libraries\Wire\WireKinetis.h">
      <Filter>src\_micro-api-readonly\libraries\Wire</Filter>
    </ClInclude>
    <ClInclude Include="..\..\..\..\..\Program Files (x86)\Arduino\hardware\teensy\avr\libraries\Wire\utility\twi.h">
      <Filter>src\_micro-api-readonly\libraries\Wire\utility</Filter>
    </ClInclude>
    <ClInclude Include="..\libraries\FlexCAN_Library\FlexCAN.h">
      <Filter>src\_micro-api-readonly\libraries\FlexCAN_Library</Filter>
    </ClInclude>
    <ClInclude Include="..\libraries\FlexCAN_Library\kinetis_flexcan.h">
      <Filter>src\_micro-api-readonly\libraries\FlexCAN_Library</Filter>
    </ClInclude>
    <ClInclude Include="..\libraries\DHT-sensor-library\DHT.h">
      <Filter>src\_micro-api-readonly\libraries\DHT-sensor-library</Filter>
    </ClInclude>
    <ClInclude Include="..\libraries\DHT-sensor-library\DHT_U.h">
      <Filter>src\_micro-api-readonly\libraries\DHT-sensor-library</Filter>
    </ClInclude>
    <ClInclude Include="..\libraries\BMP180_Breakout_Arduino_Library\src\SFE_BMP180.h">
      <Filter>src\_micro-api-readonly\libraries\BMP180_Breakout_Arduino_Library</Filter>
    </ClInclude>
    <ClInclude Include="..\libraries\Adafruit_Sensor\Adafruit_Sensor.h">
      <Filter>src\_micro-api-readonly\libraries\Adafruit_Sensor</Filter>
    </ClInclude>
  </ItemGroup>
  <ItemGroup>
    <ClCompile Include="..\..\..\..\..\Program Files (x86)\Arduino\hardware\teensy\avr\cores\teensy3\AudioStream.cpp">
      <Filter>src\_micro-api-readonly\core</Filter>
    </ClCompile>
    <ClCompile Include="..\..\..\..\..\Program Files (x86)\Arduino\hardware\teensy\avr\cores\teensy3\avr_emulation.cpp">
      <Filter>src\_micro-api-readonly\core</Filter>
    </ClCompile>
    <ClCompile Include="..\..\..\..\..\Program Files (x86)\Arduino\hardware\teensy\avr\cores\teensy3\DMAChannel.cpp">
      <Filter>src\_micro-api-readonly\core</Filter>
    </ClCompile>
    <ClCompile Include="..\..\..\..\..\Program Files (x86)\Arduino\hardware\teensy\avr\cores\teensy3\EventResponder.cpp">
      <Filter>src\_micro-api-readonly\core</Filter>
    </ClCompile>
    <ClCompile Include="..\..\..\..\..\Program Files (x86)\Arduino\hardware\teensy\avr\cores\teensy3\HardwareSerial1.cpp">
      <Filter>src\_micro-api-readonly\core</Filter>
    </ClCompile>
    <ClCompile Include="..\..\..\..\..\Program Files (x86)\Arduino\hardware\teensy\avr\cores\teensy3\HardwareSerial2.cpp">
      <Filter>src\_micro-api-readonly\core</Filter>
    </ClCompile>
    <ClCompile Include="..\..\..\..\..\Program Files (x86)\Arduino\hardware\teensy\avr\cores\teensy3\HardwareSerial3.cpp">
      <Filter>src\_micro-api-readonly\core</Filter>
    </ClCompile>
    <ClCompile Include="..\..\..\..\..\Program Files (x86)\Arduino\hardware\teensy\avr\cores\teensy3\HardwareSerial4.cpp">
      <Filter>src\_micro-api-readonly\core</Filter>
    </ClCompile>
    <ClCompile Include="..\..\..\..\..\Program Files (x86)\Arduino\hardware\teensy\avr\cores\teensy3\HardwareSerial5.cpp">
      <Filter>src\_micro-api-readonly\core</Filter>
    </ClCompile>
    <ClCompile Include="..\..\..\..\..\Program Files (x86)\Arduino\hardware\teensy\avr\cores\teensy3\HardwareSerial6.cpp">
      <Filter>src\_micro-api-readonly\core</Filter>
    </ClCompile>
    <ClCompile Include="..\..\..\..\..\Program Files (x86)\Arduino\hardware\teensy\avr\cores\teensy3\IntervalTimer.cpp">
      <Filter>src\_micro-api-readonly\core</Filter>
    </ClCompile>
    <ClCompile Include="..\..\..\..\..\Program Files (x86)\Arduino\hardware\teensy\avr\cores\teensy3\IPAddress.cpp">
      <Filter>src\_micro-api-readonly\core</Filter>
    </ClCompile>
    <ClCompile Include="..\..\..\..\..\Program Files (x86)\Arduino\hardware\teensy\avr\cores\teensy3\main.cpp">
      <Filter>src\_micro-api-readonly\core</Filter>
    </ClCompile>
    <ClCompile Include="..\..\..\..\..\Program Files (x86)\Arduino\hardware\teensy\avr\cores\teensy3\new.cpp">
      <Filter>src\_micro-api-readonly\core</Filter>
    </ClCompile>
    <ClCompile Include="..\..\..\..\..\Program Files (x86)\Arduino\hardware\teensy\avr\cores\teensy3\Print.cpp">
      <Filter>src\_micro-api-readonly\core</Filter>
    </ClCompile>
    <ClCompile Include="..\..\..\..\..\Program Files (x86)\Arduino\hardware\teensy\avr\cores\teensy3\Stream.cpp">
      <Filter>src\_micro-api-readonly\core</Filter>
    </ClCompile>
    <ClCompile Include="..\..\..\..\..\Program Files (x86)\Arduino\hardware\teensy\avr\cores\teensy3\Tone.cpp">
      <Filter>src\_micro-api-readonly\core</Filter>
    </ClCompile>
    <ClCompile Include="..\..\..\..\..\Program Files (x86)\Arduino\hardware\teensy\avr\cores\teensy3\usb_audio.cpp">
      <Filter>src\_micro-api-readonly\core</Filter>
    </ClCompile>
    <ClCompile Include="..\..\..\..\..\Program Files (x86)\Arduino\hardware\teensy\avr\cores\teensy3\usb_flightsim.cpp">
      <Filter>src\_micro-api-readonly\core</Filter>
    </ClCompile>
    <ClCompile Include="..\..\..\..\..\Program Files (x86)\Arduino\hardware\teensy\avr\cores\teensy3\usb_inst.cpp">
      <Filter>src\_micro-api-readonly\core</Filter>
    </ClCompile>
    <ClCompile Include="..\..\..\..\..\Program Files (x86)\Arduino\hardware\teensy\avr\cores\teensy3\WMath.cpp">
      <Filter>src\_micro-api-readonly\core</Filter>
    </ClCompile>
    <ClCompile Include="..\..\..\..\..\Program Files (x86)\Arduino\hardware\teensy\avr\cores\teensy3\WString.cpp">
      <Filter>src\_micro-api-readonly\core</Filter>
    </ClCompile>
    <ClCompile Include="..\..\..\..\..\Program Files (x86)\Arduino\hardware\teensy\avr\cores\teensy3\yield.cpp">
      <Filter>src\_micro-api-readonly\core</Filter>
    </ClCompile>
    <ClCompile Include="..\libraries\LCDMenuLib\src\LCDMenuLib.cpp">
      <Filter>src\_micro-api-readonly\libraries\LCDMenuLib</Filter>
    </ClCompile>
    <ClCompile Include="..\libraries\LCDMenuLib\src\LCDMenuLib_menu.cpp">
      <Filter>src\_micro-api-readonly\libraries\LCDMenuLib</Filter>
    </ClCompile>
    <ClCompile Include="..\..\..\..\..\Program Files (x86)\Arduino\hardware\teensy\avr\libraries\LiquidCrystal\LiquidCrystal.cpp">
      <Filter>src\_micro-api-readonly\libraries\LiquidCrystal</Filter>
    </ClCompile>
    <ClCompile Include="..\..\..\..\..\Program Files (x86)\Arduino\hardware\teensy\avr\libraries\LiquidCrystal\src\LiquidCrystal.cpp">
      <Filter>src\_micro-api-readonly\libraries\LiquidCrystal</Filter>
    </ClCompile>
    <ClCompile Include="..\..\..\..\..\Program Files (x86)\Arduino\hardware\teensy\avr\libraries\EEPROM\EEPROM.cpp">
      <Filter>src\_micro-api-readonly\libraries\EEPROM</Filter>
    </ClCompile>
    <ClCompile Include="..\libraries\NMEA2000\ActisenseReader.cpp">
      <Filter>src\_micro-api-readonly\libraries\NMEA2000</Filter>
    </ClCompile>
    <ClCompile Include="..\libraries\NMEA2000\N2kStream.cpp">
      <Filter>src\_micro-api-readonly\libraries\NMEA2000</Filter>
    </ClCompile>
    <ClCompile Include="..\libraries\NMEA2000\src\ActisenseReader.cpp">
      <Filter>src\_micro-api-readonly\libraries\NMEA2000</Filter>
    </ClCompile>
    <ClCompile Include="..\libraries\NMEA2000\src\N2kDeviceList.cpp">
      <Filter>src\_micro-api-readonly\libraries\NMEA2000</Filter>
    </ClCompile>
    <ClCompile Include="..\libraries\NMEA2000\src\N2kGroupFunction.cpp">
      <Filter>src\_micro-api-readonly\libraries\NMEA2000</Filter>
    </ClCompile>
    <ClCompile Include="..\libraries\NMEA2000\src\N2kGroupFunctionDefaultHandlers.cpp">
      <Filter>src\_micro-api-readonly\libraries\NMEA2000</Filter>
    </ClCompile>
    <ClCompile Include="..\libraries\NMEA2000\src\N2kMessages.cpp">
      <Filter>src\_micro-api-readonly\libraries\NMEA2000</Filter>
    </ClCompile>
    <ClCompile Include="..\libraries\NMEA2000\src\N2kMsg.cpp">
      <Filter>src\_micro-api-readonly\libraries\NMEA2000</Filter>
    </ClCompile>
    <ClCompile Include="..\libraries\NMEA2000\src\N2kStream.cpp">
      <Filter>src\_micro-api-readonly\libraries\NMEA2000</Filter>
    </ClCompile>
    <ClCompile Include="..\libraries\NMEA2000\src\NMEA2000.cpp">
      <Filter>src\_micro-api-readonly\libraries\NMEA2000</Filter>
    </ClCompile>
    <ClCompile Include="..\libraries\NMEA2000\src\Seasmart.cpp">
      <Filter>src\_micro-api-readonly\libraries\NMEA2000</Filter>
    </ClCompile>
    <ClCompile Include="..\libraries\NMEA2000\test\millis.cpp">
      <Filter>src\_micro-api-readonly\libraries\NMEA2000</Filter>
    </ClCompile>
    <ClCompile Include="..\libraries\NMEA2000\test\SeasmartTests.cpp">
      <Filter>src\_micro-api-readonly\libraries\NMEA2000</Filter>
    </ClCompile>
    <ClCompile Include="..\libraries\NMEA2000\third-party\catch\catch.cpp">
      <Filter>src\_micro-api-readonly\libraries\NMEA2000</Filter>
    </ClCompile>
    <ClCompile Include="..\libraries\NMEA2000_teensy\NMEA2000_teensy.cpp">
      <Filter>src\_micro-api-readonly\libraries\NMEA2000_teensy</Filter>
    </ClCompile>
    <ClCompile Include="..\..\..\..\..\Program Files (x86)\Arduino\hardware\teensy\avr\libraries\Keypad\src\Key.cpp">
      <Filter>src\_micro-api-readonly\libraries\Keypad</Filter>
    </ClCompile>
    <ClCompile Include="..\..\..\..\..\Program Files (x86)\Arduino\hardware\teensy\avr\libraries\Keypad\src\Keypad.cpp">
      <Filter>src\_micro-api-readonly\libraries\Keypad</Filter>
    </ClCompile>
    <ClCompile Include="..\..\..\..\..\Program Files (x86)\Arduino\hardware\teensy\avr\libraries\Wire\Wire.cpp">
      <Filter>src\_micro-api-readonly\libraries\Wire</Filter>
    </ClCompile>
    <ClCompile Include="..\..\..\..\..\Program Files (x86)\Arduino\hardware\teensy\avr\libraries\Wire\WireKinetis.cpp">
      <Filter>src\_micro-api-readonly\libraries\Wire</Filter>
    </ClCompile>
    <ClCompile Include="..\..\..\..\..\Program Files (x86)\Arduino\hardware\teensy\avr\libraries\Wire\utility\twi.c">
      <Filter>src\_micro-api-readonly\libraries\Wire\utility</Filter>
    </ClCompile>
    <ClCompile Include="..\libraries\FlexCAN_Library\FlexCAN.cpp">
      <Filter>src\_micro-api-readonly\libraries\FlexCAN_Library</Filter>
    </ClCompile>
    <ClCompile Include="..\libraries\DHT-sensor-library\DHT.cpp">
      <Filter>src\_micro-api-readonly\libraries\DHT-sensor-library</Filter>
    </ClCompile>
    <ClCompile Include="..\libraries\DHT-sensor-library\DHT_U.cpp">
      <Filter>src\_micro-api-readonly\libraries\DHT-sensor-library</Filter>
    </ClCompile>
    <ClCompile Include="..\libraries\BMP180_Breakout_Arduino_Library\src\SFE_BMP180.cpp">
      <Filter>src\_micro-api-readonly\libraries\BMP180_Breakout_Arduino_Library</Filter>
    </ClCompile>
  </ItemGroup>
  <ItemGroup>
    <Text Include="..\libraries\LCDMenuLib\keywords.txt">
      <Filter>src\_micro-api-readonly\libraries\LCDMenuLib</Filter>
    </Text>
    <Text Include="..\..\..\..\..\Program Files (x86)\Arduino\hardware\teensy\avr\libraries\LiquidCrystal\keywords.txt">
      <Filter>src\_micro-api-readonly\libraries\LiquidCrystal</Filter>
    </Text>
    <Text Include="..\..\..\..\..\Program Files (x86)\Arduino\hardware\teensy\avr\libraries\EEPROM\keywords.txt">
      <Filter>src\_micro-api-readonly\libraries\EEPROM</Filter>
    </Text>
    <Text Include="..\libraries\NMEA2000\CMakeLists.txt">
      <Filter>src\_micro-api-readonly\libraries\NMEA2000</Filter>
    </Text>
    <Text Include="..\libraries\NMEA2000\vs-readme.txt">
      <Filter>src\_micro-api-readonly\libraries\NMEA2000</Filter>
    </Text>
    <Text Include="..\libraries\NMEA2000\src\CMakeLists.txt">
      <Filter>src\_micro-api-readonly\libraries\NMEA2000</Filter>
    </Text>
    <Text Include="..\libraries\NMEA2000\test\CMakeLists.txt">
      <Filter>src\_micro-api-readonly\libraries\NMEA2000</Filter>
    </Text>
    <Text Include="..\libraries\NMEA2000\third-party\catch\CMakeLists.txt">
      <Filter>src\_micro-api-readonly\libraries\NMEA2000</Filter>
    </Text>
    <Text Include="..\..\..\..\..\Program Files (x86)\Arduino\hardware\teensy\avr\libraries\Keypad\keywords.txt">
      <Filter>src\_micro-api-readonly\libraries\Keypad</Filter>
    </Text>
    <Text Include="..\..\..\..\..\Program Files (x86)\Arduino\hardware\teensy\avr\libraries\Wire\keywords.txt">
      <Filter>src\_micro-api-readonly\libraries\Wire</Filter>
    </Text>
    <Text Include="..\libraries\FlexCAN_Library\keywords.txt">
      <Filter>src\_micro-api-readonly\libraries\FlexCAN_Library</Filter>
    </Text>
    <Text Include="..\libraries\DHT-sensor-library\keywords.txt">
      <Filter>src\_micro-api-readonly\libraries\DHT-sensor-library</Filter>
    </Text>
    <Text Include="..\libraries\BMP180_Breakout_Arduino_Library\keywords.txt">
      <Filter>src\_micro-api-readonly\libraries\BMP180_Breakout_Arduino_Library</Filter>
    </Text>
  </ItemGroup>
</Project>